
Microsoft Visual Studio Solution File, Format Version 12.00
# Visual Studio Version 17
VisualStudioVersion = 17.8.34330.188
MinimumVisualStudioVersion = 10.0.40219.1
Project("{FAE04EC0-301F-11D3-BF4B-00C04F79EFBC}") = "ForLoops", "ForLoops\ForLoops.csproj", "{09EC1861-6744-4562-B5E6-B162AC922C5F}"
EndProject
Global
	GlobalSection(SolutionConfigurationPlatforms) = preSolution
		Debug|Any CPU = Debug|Any CPU
		Release|Any CPU = Release|Any CPU
	EndGlobalSection
	GlobalSection(ProjectConfigurationPlatforms) = postSolution
		{09EC1861-6744-4562-B5E6-B162AC922C5F}.Debug|Any CPU.ActiveCfg = Debug|Any CPU
		{09EC1861-6744-4562-B5E6-B162AC922C5F}.Debug|Any CPU.Build.0 = Debug|Any CPU
		{09EC1861-6744-4562-B5E6-B162AC922C5F}.Release|Any CPU.ActiveCfg = Release|Any CPU
		{09EC1861-6744-4562-B5E6-B162AC922C5F}.Release|Any CPU.Build.0 = Release|Any CPU
	EndGlobalSection
	GlobalSection(SolutionProperties) = preSolution
		HideSolutionNode = FALSE
	EndGlobalSection
	GlobalSection(ExtensibilityGlobals) = postSolution
		SolutionGuid = {55B2C161-BD99-498D-8466-02707B1F3E25}
	EndGlobalSection
EndGlobal
